
Microsoft Visual Studio Solution File, Format Version 12.00
# Visual Studio Version 16
VisualStudioVersion = 16.0.30804.86
MinimumVisualStudioVersion = 10.0.40219.1
Project("{FAE04EC0-301F-11D3-BF4B-00C04F79EFBC}") = "WpfApp", "WpfApp\WpfApp.csproj", "{C70B89E9-47C6-42B6-B55D-4D79B31981AA}"
EndProject
Global
	GlobalSection(SolutionConfigurationPlatforms) = preSolution
		Debug|Any CPU = Debug|Any CPU
		Release|Any CPU = Release|Any CPU
	EndGlobalSection
	GlobalSection(ProjectConfigurationPlatforms) = postSolution
		{C70B89E9-47C6-42B6-B55D-4D79B31981AA}.Debug|Any CPU.ActiveCfg = Debug|Any CPU
		{C70B89E9-47C6-42B6-B55D-4D79B31981AA}.Debug|Any CPU.Build.0 = Debug|Any CPU
		{C70B89E9-47C6-42B6-B55D-4D79B31981AA}.Release|Any CPU.ActiveCfg = Release|Any CPU
		{C70B89E9-47C6-42B6-B55D-4D79B31981AA}.Release|Any CPU.Build.0 = Release|Any CPU
	EndGlobalSection
	GlobalSection(SolutionProperties) = preSolution
		HideSolutionNode = FALSE
	EndGlobalSection
	GlobalSection(ExtensibilityGlobals) = postSolution
		SolutionGuid = {505DA538-B045-404D-9087-71D0433539C1}
	EndGlobalSection
EndGlobal
